PODS:
  - Capacitor (8.4.2):
    - CapacitorCordova
  - CapacitorApp (8.1.1):
    - Capacitor
  - CapacitorBrowser (8.0.4):
    - Capacitor
  - CapacitorCordova (8.4.2)
  - CapacitorHaptics (8.0.2):
    - Capacitor
  - CapacitorPushNotifications (8.1.2):
    - Capacitor

DEPENDENCIES:
  - "Capacitor (from `../../node_modules/@capacitor/ios`)"
  - "CapacitorApp (from `../../node_modules/@capacitor/app`)"
  - "CapacitorBrowser (from `../../node_modules/@capacitor/browser`)"
  - "CapacitorCordova (from `../../node_modules/@capacitor/ios`)"
  - "CapacitorHaptics (from `../../node_modules/@capacitor/haptics`)"
  - "CapacitorPushNotifications (from `../../node_modules/@capacitor/push-notifications`)"

EXTERNAL SOURCES:
  Capacitor:
    :path: "../../node_modules/@capacitor/ios"
  CapacitorApp:
    :path: "../../node_modules/@capacitor/app"
  CapacitorBrowser:
    :path: "../../node_modules/@capacitor/browser"
  CapacitorCordova:
    :path: "../../node_modules/@capacitor/ios"
  CapacitorHaptics:
    :path: "../../node_modules/@capacitor/haptics"
  CapacitorPushNotifications:
    :path: "../../node_modules/@capacitor/push-notifications"

SPEC CHECKSUMS:
  Capacitor: 52f999235b8bd6a7d01694753f4f4d54d182e3a3
  CapacitorApp: 305bd13c44f6f9d164e2ee66a4faa956ed8c0e06
  CapacitorBrowser: 752e0208aa07c7aa63d1f7cde895a3e9519b2656
  CapacitorCordova: 345eacdc4c8282415446aea4acd8c77d82480bd4
  CapacitorHaptics: 296f771ecd89c7a1bd92a7b6826a7d268e2e70f5
  CapacitorPushNotifications: 32a7f840815f319fd9ba1c1c9b0b914be9d95237

PODFILE CHECKSUM: bb778e01cb7ec3cde1306a57f9466ea62e36b2fe

COCOAPODS: 1.17.0
